
Microsoft Visual Studio Solution File, Format Version 12.00
# Visual Studio Version 16
VisualStudioVersion = 16.0.30104.148
MinimumVisualStudioVersion = 10.0.40219.1
Project("{FAE04EC0-301F-11D3-BF4B-00C04F79EFBC}") = "CubeBot2.0", "CubeBot\CubeBot2.0.csproj", "{D470AD46-F5B7-4724-BAF4-CFABA3A09878}"
EndProject
Global
	GlobalSection(SolutionConfigurationPlatforms) = preSolution
		Debug|Any CPU = Debug|Any CPU
		Release|Any CPU = Release|Any CPU
	EndGlobalSection
	GlobalSection(ProjectConfigurationPlatforms) = postSolution
		{D470AD46-F5B7-4724-BAF4-CFABA3A09878}.Debug|Any CPU.ActiveCfg = Debug|Any CPU
		{D470AD46-F5B7-4724-BAF4-CFABA3A09878}.Debug|Any CPU.Build.0 = Debug|Any CPU
		{D470AD46-F5B7-4724-BAF4-CFABA3A09878}.Release|Any CPU.ActiveCfg = Release|Any CPU
		{D470AD46-F5B7-4724-BAF4-CFABA3A09878}.Release|Any CPU.Build.0 = Release|Any CPU
	EndGlobalSection
	GlobalSection(SolutionProperties) = preSolution
		HideSolutionNode = FALSE
	EndGlobalSection
	GlobalSection(ExtensibilityGlobals) = postSolution
		SolutionGuid = {8B2B1912-4DF1-48F4-AB6D-60A0F5C0D744}
	EndGlobalSection
EndGlobal
